
Microsoft Visual Studio Solution File, Format Version 12.00
# Visual Studio 15
VisualStudioVersion = 15.0.27703.2042
MinimumVisualStudioVersion = 10.0.40219.1
Project("{FAE04EC0-301F-11D3-BF4B-00C04F79EFBC}") = "HomeWork3", "HomeWork3\HomeWork3.csproj", "{BF1E6092-7C00-4238-94A9-224C6BD36685}"
EndProject
Global
	GlobalSection(SolutionConfigurationPlatforms) = preSolution
		Debug|Any CPU = Debug|Any CPU
		Release|Any CPU = Release|Any CPU
	EndGlobalSection
	GlobalSection(ProjectConfigurationPlatforms) = postSolution
		{BF1E6092-7C00-4238-94A9-224C6BD36685}.Debug|Any CPU.ActiveCfg = Debug|Any CPU
		{BF1E6092-7C00-4238-94A9-224C6BD36685}.Debug|Any CPU.Build.0 = Debug|Any CPU
		{BF1E6092-7C00-4238-94A9-224C6BD36685}.Release|Any CPU.ActiveCfg = Release|Any CPU
		{BF1E6092-7C00-4238-94A9-224C6BD36685}.Release|Any CPU.Build.0 = Release|Any CPU
	EndGlobalSection
	GlobalSection(SolutionProperties) = preSolution
		HideSolutionNode = FALSE
	EndGlobalSection
	GlobalSection(ExtensibilityGlobals) = postSolution
		SolutionGuid = {F7424362-565D-4A3A-984D-8D5DB4BCB79C}
	EndGlobalSection
EndGlobal
